<?xml version="1.0" encoding="utf-8"?>
<Project ToolsVersion="4.0" xmlns="http://schemas.microsoft.com/developer/msbuild/2003">
  <ItemGroup>
    <Filter Include="Header Files">
      <UniqueIdentifier>{93995380-89BD-4b04-88EB-625FBE52EBFB}</UniqueIdentifier>
      <Extensions>h;hh;hpp;hxx;h++;hm;inl;inc;ipp;xsd</Extensions>
    </Filter>
    <Filter Include="Source Files">
      <UniqueIdentifier>{4FC737F1-C7A5-4376-A066-2A32D752A2FF}</UniqueIdentifier>
      <Extensions>cpp;c;cc;cxx;c++;cppm;ixx;def;odl;idl;hpj;bat;asm;asmx</Extensions>
    </Filter>
    <Filter Include="Source Files\Entry Point">
      <UniqueIdentifier>{2ce0d388-b3c5-4888-a6f6-a90728a6be52}</UniqueIdentifier>
    </Filter>
    <Filter Include="Source Files\Serialize">
      <UniqueIdentifier>{ef14d5d8-1027-44b9-84e5-264c1a224eca}</UniqueIdentifier>
    </Filter>
  </ItemGroup>
  <ItemGroup>
    <ClCompile Include="WinMain.cpp">
      <Filter>Source Files\Entry Point</Filter>
    </ClCompile>
    <ClCompile Include="GameClient.cpp">
      <Filter>Source Files\Entry Point</Filter>
    </ClCompile>
    <ClCompile Include="Deserialize.cpp">
      <Filter>Source Files\Serialize</Filter>
    </ClCompile>
  </ItemGroup>
  <ItemGroup>
    <ClInclude Include="GameClient.h">
      <Filter>Source Files\Entry Point</Filter>
    </ClInclude>
    <ClInclude Include="Deserialize.h">
      <Filter>Source Files\Serialize</Filter>
    </ClInclude>
  </ItemGroup>
</Project>